
Microsoft Visual Studio Solution File, Format Version 12.00
# Visual Studio 15
VisualStudioVersion = 15.0.28307.168
MinimumVisualStudioVersion = 10.0.40219.1
Project("{FAE04EC0-301F-11D3-BF4B-00C04F79EFBC}") = "oficina3c14", "oficina3c14\oficina3c14.csproj", "{C1888682-4A5C-4EBA-B167-67B86ACC3D29}"
EndProject
Global
	GlobalSection(SolutionConfigurationPlatforms) = preSolution
		Debug|Any CPU = Debug|Any CPU
		Release|Any CPU = Release|Any CPU
	EndGlobalSection
	GlobalSection(ProjectConfigurationPlatforms) = postSolution
		{C1888682-4A5C-4EBA-B167-67B86ACC3D29}.Debug|Any CPU.ActiveCfg = Debug|Any CPU
		{C1888682-4A5C-4EBA-B167-67B86ACC3D29}.Debug|Any CPU.Build.0 = Debug|Any CPU
		{C1888682-4A5C-4EBA-B167-67B86ACC3D29}.Release|Any CPU.ActiveCfg = Release|Any CPU
		{C1888682-4A5C-4EBA-B167-67B86ACC3D29}.Release|Any CPU.Build.0 = Release|Any CPU
	EndGlobalSection
	GlobalSection(SolutionProperties) = preSolution
		HideSolutionNode = FALSE
	EndGlobalSection
	GlobalSection(ExtensibilityGlobals) = postSolution
		SolutionGuid = {56CF1278-E787-4DFF-9A0A-0BD95EF7FF95}
	EndGlobalSection
EndGlobal
